
Microsoft Visual Studio Solution File, Format Version 12.00
# Visual Studio Version 17
VisualStudioVersion = 17.6.33815.320
MinimumVisualStudioVersion = 10.0.40219.1
Project("{9A19103F-16F7-4668-BE54-9A1E7A4F7556}") = "Auth.API", "Auth.API\Auth.API.csproj", "{360B87D6-A80C-4185-8C22-428E2B78454D}"
EndProject
Global
	GlobalSection(SolutionConfigurationPlatforms) = preSolution
		Debug|Any CPU = Debug|Any CPU
		Release|Any CPU = Release|Any CPU
	EndGlobalSection
	GlobalSection(ProjectConfigurationPlatforms) = postSolution
		{360B87D6-A80C-4185-8C22-428E2B78454D}.Debug|Any CPU.ActiveCfg = Debug|Any CPU
		{360B87D6-A80C-4185-8C22-428E2B78454D}.Debug|Any CPU.Build.0 = Debug|Any CPU
		{360B87D6-A80C-4185-8C22-428E2B78454D}.Release|Any CPU.ActiveCfg = Release|Any CPU
		{360B87D6-A80C-4185-8C22-428E2B78454D}.Release|Any CPU.Build.0 = Release|Any CPU
	EndGlobalSection
	GlobalSection(SolutionProperties) = preSolution
		HideSolutionNode = FALSE
	EndGlobalSection
	GlobalSection(ExtensibilityGlobals) = postSolution
		SolutionGuid = {525770CD-0583-49AF-995A-3DD578F1166E}
	EndGlobalSection
EndGlobal
